
Microsoft Visual Studio Solution File, Format Version 12.00
# Visual Studio 2012
Project("{FAE04EC0-301F-11D3-BF4B-00C04F79EFBC}") = "csv.formatting", "csv.formatting\csv.formatting.csproj", "{1523AAFD-EE08-40B3-9B48-842EE3BE1B56}"
EndProject
Project("{FAE04EC0-301F-11D3-BF4B-00C04F79EFBC}") = "csv.formatting.tests", "csv.formatting.tests\csv.formatting.tests.csproj", "{FA900586-F1EF-4FE1-9AB6-6EC733B2B5FB}"
EndProject
Global
	GlobalSection(SolutionConfigurationPlatforms) = preSolution
		Debug|Any CPU = Debug|Any CPU
		Release|Any CPU = Release|Any CPU
	EndGlobalSection
	GlobalSection(ProjectConfigurationPlatforms) = postSolution
		{1523AAFD-EE08-40B3-9B48-842EE3BE1B56}.Debug|Any CPU.ActiveCfg = Debug|Any CPU
		{1523AAFD-EE08-40B3-9B48-842EE3BE1B56}.Debug|Any CPU.Build.0 = Debug|Any CPU
		{1523AAFD-EE08-40B3-9B48-842EE3BE1B56}.Release|Any CPU.ActiveCfg = Release|Any CPU
		{1523AAFD-EE08-40B3-9B48-842EE3BE1B56}.Release|Any CPU.Build.0 = Release|Any CPU
		{FA900586-F1EF-4FE1-9AB6-6EC733B2B5FB}.Debug|Any CPU.ActiveCfg = Debug|Any CPU
		{FA900586-F1EF-4FE1-9AB6-6EC733B2B5FB}.Debug|Any CPU.Build.0 = Debug|Any CPU
		{FA900586-F1EF-4FE1-9AB6-6EC733B2B5FB}.Release|Any CPU.ActiveCfg = Release|Any CPU
		{FA900586-F1EF-4FE1-9AB6-6EC733B2B5FB}.Release|Any CPU.Build.0 = Release|Any CPU
	EndGlobalSection
	GlobalSection(SolutionProperties) = preSolution
		HideSolutionNode = FALSE
	EndGlobalSection
EndGlobal
